
Microsoft Visual Studio Solution File, Format Version 12.00
# Visual Studio Version 17
VisualStudioVersion = 17.9.34714.143
MinimumVisualStudioVersion = 10.0.40219.1
Project("{FAE04EC0-301F-11D3-BF4B-00C04F79EFBC}") = "SMA.API", "SMA.API\SMA.API.csproj", "{31A4A2A2-FF73-4B88-B137-FCD1E251C9DB}"
EndProject
Global
	GlobalSection(SolutionConfigurationPlatforms) = preSolution
		Debug|Any CPU = Debug|Any CPU
		Release|Any CPU = Release|Any CPU
	EndGlobalSection
	GlobalSection(ProjectConfigurationPlatforms) = postSolution
		{31A4A2A2-FF73-4B88-B137-FCD1E251C9DB}.Debug|Any CPU.ActiveCfg = Debug|Any CPU
		{31A4A2A2-FF73-4B88-B137-FCD1E251C9DB}.Debug|Any CPU.Build.0 = Debug|Any CPU
		{31A4A2A2-FF73-4B88-B137-FCD1E251C9DB}.Release|Any CPU.ActiveCfg = Release|Any CPU
		{31A4A2A2-FF73-4B88-B137-FCD1E251C9DB}.Release|Any CPU.Build.0 = Release|Any CPU
	EndGlobalSection
	GlobalSection(SolutionProperties) = preSolution
		HideSolutionNode = FALSE
	EndGlobalSection
	GlobalSection(ExtensibilityGlobals) = postSolution
		SolutionGuid = {AE41F487-B290-4591-AD3F-391586D920D3}
	EndGlobalSection
EndGlobal
